
Microsoft Visual Studio Solution File, Format Version 12.00
# Visual Studio Version 16
VisualStudioVersion = 16.0.29709.97
MinimumVisualStudioVersion = 10.0.40219.1
Project("{FAE04EC0-301F-11D3-BF4B-00C04F79EFBC}") = "MVCLogin", "MVCLogin\MVCLogin.csproj", "{7AEB6DCC-AF4C-4B4B-ABBA-66E73352E0A9}"
EndProject
Global
	GlobalSection(SolutionConfigurationPlatforms) = preSolution
		Debug|Any CPU = Debug|Any CPU
		Release|Any CPU = Release|Any CPU
	EndGlobalSection
	GlobalSection(ProjectConfigurationPlatforms) = postSolution
		{7AEB6DCC-AF4C-4B4B-ABBA-66E73352E0A9}.Debug|Any CPU.ActiveCfg = Debug|Any CPU
		{7AEB6DCC-AF4C-4B4B-ABBA-66E73352E0A9}.Debug|Any CPU.Build.0 = Debug|Any CPU
		{7AEB6DCC-AF4C-4B4B-ABBA-66E73352E0A9}.Release|Any CPU.ActiveCfg = Release|Any CPU
		{7AEB6DCC-AF4C-4B4B-ABBA-66E73352E0A9}.Release|Any CPU.Build.0 = Release|Any CPU
	EndGlobalSection
	GlobalSection(SolutionProperties) = preSolution
		HideSolutionNode = FALSE
	EndGlobalSection
	GlobalSection(ExtensibilityGlobals) = postSolution
		SolutionGuid = {E62FFCB4-35EE-4F0A-84E7-670F173DF8AF}
	EndGlobalSection
EndGlobal
